
Microsoft Visual Studio Solution File, Format Version 12.00
# Visual Studio Version 17
VisualStudioVersion = 17.13.36105.23
MinimumVisualStudioVersion = 10.0.40219.1
Project("{FAE04EC0-301F-11D3-BF4B-00C04F79EFBC}") = "XrmSync", "XrmSync\XrmSync.csproj", "{EA2C1172-E864-A0EB-4E57-D8D89B7BCE43}"
EndProject
Project("{FAE04EC0-301F-11D3-BF4B-00C04F79EFBC}") = "SyncService", "SyncService\SyncService.csproj", "{85E3377C-73FB-4710-AA1D-367FE60600FE}"
EndProject
Project("{FAE04EC0-301F-11D3-BF4B-00C04F79EFBC}") = "Dataverse", "Dataverse\Dataverse.csproj", "{E03FAF0C-3C50-4D28-8847-5A3230A7BFE4}"
EndProject
Project("{FAE04EC0-301F-11D3-BF4B-00C04F79EFBC}") = "Analyzer", "AssemblyAnalyzer\Analyzer.csproj", "{60144810-13C9-460B-B1AA-CD9A9DD281D0}"
EndProject
Project("{FAE04EC0-301F-11D3-BF4B-00C04F79EFBC}") = "Model", "Model\Model.csproj", "{5F0A0EA4-D206-4555-86BA-6A90F6ED3262}"
EndProject
Project("{FAE04EC0-301F-11D3-BF4B-00C04F79EFBC}") = "Tests", "Tests\Tests.csproj", "{2212859F-150C-4E02-B4B3-401CF414AA89}"
EndProject
Project("{2150E333-8FDC-42A3-9474-1A3956D46DE8}") = "Solution files", "Solution files", "{02EA681E-C7D8-13C7-8484-4AC65E1B71E8}"
	ProjectSection(SolutionItems) = preProject
		.gitignore = .gitignore
		CHANGELOG.md = CHANGELOG.md
		CLAUDE.md = CLAUDE.md
		Directory.Build.props = Directory.Build.props
		LICENSE = LICENSE
		README.md = README.md
	EndProjectSection
EndProject
Project("{2150E333-8FDC-42A3-9474-1A3956D46DE8}") = "workflows", "workflows", "{C4B6AD9E-66B5-4A2F-9B37-6A32653F752E}"
	ProjectSection(SolutionItems) = preProject
		.github\workflows\ci.yml = .github\workflows\ci.yml
		.github\workflows\release.yml = .github\workflows\release.yml
	EndProjectSection
EndProject
Project("{2150E333-8FDC-42A3-9474-1A3956D46DE8}") = "scripts", "scripts", "{BC1384C2-7507-4EA5-A65F-5D42B9BE20B7}"
	ProjectSection(SolutionItems) = preProject
		scripts\Set-VersionFromChangelog.ps1 = scripts\Set-VersionFromChangelog.ps1
		scripts\Test-Samples.ps1 = scripts\Test-Samples.ps1
	EndProjectSection
EndProject
Project("{2150E333-8FDC-42A3-9474-1A3956D46DE8}") = "Samples", "Samples", "{F1C44A16-2F38-4436-9FDC-676352B78FD8}"
	ProjectSection(SolutionItems) = preProject
		Samples\README.md = Samples\README.md
	EndProjectSection
EndProject
Project("{FAE04EC0-301F-11D3-BF4B-00C04F79EFBC}") = "1-DAXIF", "Samples\1-DAXIF\1-DAXIF.csproj", "{62D467E1-A4A2-4776-A8F1-812AA303C8CA}"
EndProject
Project("{FAE04EC0-301F-11D3-BF4B-00C04F79EFBC}") = "BusinessDomain", "Samples\BusinessDomain\BusinessDomain.csproj", "{D7E68D1D-4E79-438E-BC0F-5586B45A5625}"
EndProject
Project("{FAE04EC0-301F-11D3-BF4B-00C04F79EFBC}") = "3-XrmPluginCore", "Samples\3-XrmPluginCore\3-XrmPluginCore.csproj", "{17BB0383-BEA9-4B82-BDDD-501D78D2F450}"
EndProject
Project("{FAE04EC0-301F-11D3-BF4B-00C04F79EFBC}") = "2-Hybrid", "Samples\2-Hybrid\2-Hybrid.csproj", "{60A71E95-56E4-1BEC-947D-F2E911FDEC7F}"
EndProject
Project("{FAE04EC0-301F-11D3-BF4B-00C04F79EFBC}") = "4-Full-DAXIF", "Samples\4-Full-DAXIF\4-Full-DAXIF.csproj", "{C086DFFC-1E18-0EE5-AEA6-1EDFD7F7CC50}"
EndProject
Project("{2150E333-8FDC-42A3-9474-1A3956D46DE8}") = "actions", "actions", "{DE4DB358-3ED8-4E7D-8B90-9D321B32C139}"
EndProject
Project("{2150E333-8FDC-42A3-9474-1A3956D46DE8}") = "build-and-test", "build-and-test", "{E61B20FB-481B-4D80-BB82-C5038446653F}"
	ProjectSection(SolutionItems) = preProject
		.github\actions\build-and-test\action.yml = .github\actions\build-and-test\action.yml
	EndProjectSection
EndProject
Global
	GlobalSection(SolutionConfigurationPlatforms) = preSolution
		Debug|Any CPU = Debug|Any CPU
		Release|Any CPU = Release|Any CPU
	EndGlobalSection
	GlobalSection(ProjectConfigurationPlatforms) = postSolution
		{EA2C1172-E864-A0EB-4E57-D8D89B7BCE43}.Debug|Any CPU.ActiveCfg = Debug|Any CPU
		{EA2C1172-E864-A0EB-4E57-D8D89B7BCE43}.Debug|Any CPU.Build.0 = Debug|Any CPU
		{EA2C1172-E864-A0EB-4E57-D8D89B7BCE43}.Release|Any CPU.ActiveCfg = Release|Any CPU
		{EA2C1172-E864-A0EB-4E57-D8D89B7BCE43}.Release|Any CPU.Build.0 = Release|Any CPU
		{85E3377C-73FB-4710-AA1D-367FE60600FE}.Debug|Any CPU.ActiveCfg = Debug|Any CPU
		{85E3377C-73FB-4710-AA1D-367FE60600FE}.Debug|Any CPU.Build.0 = Debug|Any CPU
		{85E3377C-73FB-4710-AA1D-367FE60600FE}.Release|Any CPU.ActiveCfg = Release|Any CPU
		{85E3377C-73FB-4710-AA1D-367FE60600FE}.Release|Any CPU.Build.0 = Release|Any CPU
		{E03FAF0C-3C50-4D28-8847-5A3230A7BFE4}.Debug|Any CPU.ActiveCfg = Debug|Any CPU
		{E03FAF0C-3C50-4D28-8847-5A3230A7BFE4}.Debug|Any CPU.Build.0 = Debug|Any CPU
		{E03FAF0C-3C50-4D28-8847-5A3230A7BFE4}.Release|Any CPU.ActiveCfg = Release|Any CPU
		{E03FAF0C-3C50-4D28-8847-5A3230A7BFE4}.Release|Any CPU.Build.0 = Release|Any CPU
		{60144810-13C9-460B-B1AA-CD9A9DD281D0}.Debug|Any CPU.ActiveCfg = Debug|Any CPU
		{60144810-13C9-460B-B1AA-CD9A9DD281D0}.Debug|Any CPU.Build.0 = Debug|Any CPU
		{60144810-13C9-460B-B1AA-CD9A9DD281D0}.Release|Any CPU.ActiveCfg = Release|Any CPU
		{60144810-13C9-460B-B1AA-CD9A9DD281D0}.Release|Any CPU.Build.0 = Release|Any CPU
		{5F0A0EA4-D206-4555-86BA-6A90F6ED3262}.Debug|Any CPU.ActiveCfg = Debug|Any CPU
		{5F0A0EA4-D206-4555-86BA-6A90F6ED3262}.Debug|Any CPU.Build.0 = Debug|Any CPU
		{5F0A0EA4-D206-4555-86BA-6A90F6ED3262}.Release|Any CPU.ActiveCfg = Release|Any CPU
		{5F0A0EA4-D206-4555-86BA-6A90F6ED3262}.Release|Any CPU.Build.0 = Release|Any CPU
		{2212859F-150C-4E02-B4B3-401CF414AA89}.Debug|Any CPU.ActiveCfg = Debug|Any CPU
		{2212859F-150C-4E02-B4B3-401CF414AA89}.Debug|Any CPU.Build.0 = Debug|Any CPU
		{2212859F-150C-4E02-B4B3-401CF414AA89}.Release|Any CPU.ActiveCfg = Release|Any CPU
		{2212859F-150C-4E02-B4B3-401CF414AA89}.Release|Any CPU.Build.0 = Release|Any CPU
		{62D467E1-A4A2-4776-A8F1-812AA303C8CA}.Debug|Any CPU.ActiveCfg = Debug|Any CPU
		{62D467E1-A4A2-4776-A8F1-812AA303C8CA}.Debug|Any CPU.Build.0 = Debug|Any CPU
		{62D467E1-A4A2-4776-A8F1-812AA303C8CA}.Release|Any CPU.ActiveCfg = Release|Any CPU
		{62D467E1-A4A2-4776-A8F1-812AA303C8CA}.Release|Any CPU.Build.0 = Release|Any CPU
		{D7E68D1D-4E79-438E-BC0F-5586B45A5625}.Debug|Any CPU.ActiveCfg = Debug|Any CPU
		{D7E68D1D-4E79-438E-BC0F-5586B45A5625}.Debug|Any CPU.Build.0 = Debug|Any CPU
		{D7E68D1D-4E79-438E-BC0F-5586B45A5625}.Release|Any CPU.ActiveCfg = Release|Any CPU
		{D7E68D1D-4E79-438E-BC0F-5586B45A5625}.Release|Any CPU.Build.0 = Release|Any CPU
		{17BB0383-BEA9-4B82-BDDD-501D78D2F450}.Debug|Any CPU.ActiveCfg = Debug|Any CPU
		{17BB0383-BEA9-4B82-BDDD-501D78D2F450}.Debug|Any CPU.Build.0 = Debug|Any CPU
		{17BB0383-BEA9-4B82-BDDD-501D78D2F450}.Release|Any CPU.ActiveCfg = Release|Any CPU
		{17BB0383-BEA9-4B82-BDDD-501D78D2F450}.Release|Any CPU.Build.0 = Release|Any CPU
		{60A71E95-56E4-1BEC-947D-F2E911FDEC7F}.Debug|Any CPU.ActiveCfg = Debug|Any CPU
		{60A71E95-56E4-1BEC-947D-F2E911FDEC7F}.Debug|Any CPU.Build.0 = Debug|Any CPU
		{60A71E95-56E4-1BEC-947D-F2E911FDEC7F}.Release|Any CPU.ActiveCfg = Release|Any CPU
		{60A71E95-56E4-1BEC-947D-F2E911FDEC7F}.Release|Any CPU.Build.0 = Release|Any CPU
		{C086DFFC-1E18-0EE5-AEA6-1EDFD7F7CC50}.Debug|Any CPU.ActiveCfg = Debug|Any CPU
		{C086DFFC-1E18-0EE5-AEA6-1EDFD7F7CC50}.Debug|Any CPU.Build.0 = Debug|Any CPU
		{C086DFFC-1E18-0EE5-AEA6-1EDFD7F7CC50}.Release|Any CPU.ActiveCfg = Release|Any CPU
		{C086DFFC-1E18-0EE5-AEA6-1EDFD7F7CC50}.Release|Any CPU.Build.0 = Release|Any CPU
	EndGlobalSection
	GlobalSection(SolutionProperties) = preSolution
		HideSolutionNode = FALSE
	EndGlobalSection
	GlobalSection(NestedProjects) = preSolution
		{C4B6AD9E-66B5-4A2F-9B37-6A32653F752E} = {02EA681E-C7D8-13C7-8484-4AC65E1B71E8}
		{BC1384C2-7507-4EA5-A65F-5D42B9BE20B7} = {02EA681E-C7D8-13C7-8484-4AC65E1B71E8}
		{62D467E1-A4A2-4776-A8F1-812AA303C8CA} = {F1C44A16-2F38-4436-9FDC-676352B78FD8}
		{D7E68D1D-4E79-438E-BC0F-5586B45A5625} = {F1C44A16-2F38-4436-9FDC-676352B78FD8}
		{17BB0383-BEA9-4B82-BDDD-501D78D2F450} = {F1C44A16-2F38-4436-9FDC-676352B78FD8}
		{60A71E95-56E4-1BEC-947D-F2E911FDEC7F} = {F1C44A16-2F38-4436-9FDC-676352B78FD8}
		{C086DFFC-1E18-0EE5-AEA6-1EDFD7F7CC50} = {F1C44A16-2F38-4436-9FDC-676352B78FD8}
		{DE4DB358-3ED8-4E7D-8B90-9D321B32C139} = {02EA681E-C7D8-13C7-8484-4AC65E1B71E8}
		{E61B20FB-481B-4D80-BB82-C5038446653F} = {DE4DB358-3ED8-4E7D-8B90-9D321B32C139}
	EndGlobalSection
	GlobalSection(ExtensibilityGlobals) = postSolution
		SolutionGuid = {F9480A28-E137-4B10-A81F-7EAA7955B252}
	EndGlobalSection
EndGlobal
