{
  "version": 1,
  "dependencies": {
    "net8.0": {
      "Microsoft.Extensions.Logging.Abstractions": {
        "type": "Direct",
        "requested": "[9.0.6, )",
        "resolved": "9.0.6",
        "contentHash": "LFnyBNK7WtFmKdnHu3v0HOYQ8BcjYuy0jdC9pgCJ/rbLKoJEG9/dBzSKMEeeWDbDeoWS0TIxOC8a9CM5ufca3A==",
        "dependencies": {
          "Microsoft.Extensions.DependencyInjection.Abstractions": "9.0.6",
          "System.Diagnostics.DiagnosticSource": "9.0.6"
        }
      },
      "System.Text.Json": {
        "type": "Direct",
        "requested": "[9.0.6, )",
        "resolved": "9.0.6",
        "contentHash": "h+ZtYTyTnTh5Ju6mHCKb3FPGx4ylJZgm9W7Y2psUnkhQRPMOIxX+TCN0ZgaR/+Yea+93XHWAaMzYTar1/EHIPg==",
        "dependencies": {
          "System.IO.Pipelines": "9.0.6",
          "System.Text.Encodings.Web": "9.0.6"
        }
      },
      "XrmPluginCore.Abstractions": {
        "type": "Direct",
        "requested": "[1.0.0, )",
        "resolved": "1.0.0",
        "contentHash": "uOSz5JiPJtr3iMfjLPz1OD6XkpMJB4PrsUpArtVsvfeGjwI3hCD9kMHuM3D1WVubsipJ3GfUmn4HA8yYEyZGew=="
      },
      "Microsoft.Extensions.DependencyInjection.Abstractions": {
        "type": "Transitive",
        "resolved": "9.0.6",
        "contentHash": "0Zn6nR/6g+90MxskZyOOMPQvnPnrrGu6bytPwkV+azDcTtCSuQ1+GJUrg8Klmnrjk1i6zMpw2lXijl+tw7Q3kA=="
      },
      "System.Diagnostics.DiagnosticSource": {
        "type": "Transitive",
        "resolved": "9.0.6",
        "contentHash": "nikkwAKqpwWUvV5J8S9fnOPYg8k75Lf9fAI4bd6pyhyqNma0Py9kt+zcqXbe4TjJ4sTPcdYpPg81shYTrXnUZQ=="
      },
      "System.IO.Pipelines": {
        "type": "Transitive",
        "resolved": "9.0.6",
        "contentHash": "0nlr0reXrRmkZNKifKqh2DgGhQgfkT7Qa3gQxIn/JI7/y3WDiTz67M+Sq3vFhUqcG8O5zVrpqHvIHeGPGUBsEw=="
      },
      "System.Text.Encodings.Web": {
        "type": "Transitive",
        "resolved": "9.0.6",
        "contentHash": "uWRgViw2yJAUyGxrzDLCc6fkzE2dZIoXxs8V6YjCujKsJuP0pnpYSlbm2/7tKd0SjBnMtwfDQhLenk3bXonVOA=="
      },
      "XrmSync.Model": {
        "type": "Project",
        "dependencies": {
          "Microsoft.Extensions.Logging.Abstractions": "[9.0.6, )",
          "XrmPluginCore.Abstractions": "[1.0.0, )"
        }
      }
    }
  }
}